
Microsoft Visual Studio Solution File, Format Version 12.00
# Visual Studio 15
VisualStudioVersion = 15.0.26403.7
MinimumVisualStudioVersion = 10.0.40219.1
Project("{FAE04EC0-301F-11D3-BF4B-00C04F79EFBC}") = "SkateSpotsFinalProject", "SkateSpotsFinalProject\SkateSpotsFinalProject.csproj", "{D600E3FF-E1A8-4A6F-8623-FAE19CED5054}"
EndProject
Project("{FAE04EC0-301F-11D3-BF4B-00C04F79EFBC}") = "SkateSpotsFinalProject.Tests", "SkateSpotsFinalProject.Tests\SkateSpotsFinalProject.Tests.csproj", "{8BC1BDF1-5400-4661-8571-60915E09FF90}"
EndProject
Global
	GlobalSection(SolutionConfigurationPlatforms) = preSolution
		Debug|Any CPU = Debug|Any CPU
		Release|Any CPU = Release|Any CPU
	EndGlobalSection
	GlobalSection(ProjectConfigurationPlatforms) = postSolution
		{D600E3FF-E1A8-4A6F-8623-FAE19CED5054}.Debug|Any CPU.ActiveCfg = Debug|Any CPU
		{D600E3FF-E1A8-4A6F-8623-FAE19CED5054}.Debug|Any CPU.Build.0 = Debug|Any CPU
		{D600E3FF-E1A8-4A6F-8623-FAE19CED5054}.Release|Any CPU.ActiveCfg = Release|Any CPU
		{D600E3FF-E1A8-4A6F-8623-FAE19CED5054}.Release|Any CPU.Build.0 = Release|Any CPU
		{8BC1BDF1-5400-4661-8571-60915E09FF90}.Debug|Any CPU.ActiveCfg = Debug|Any CPU
		{8BC1BDF1-5400-4661-8571-60915E09FF90}.Debug|Any CPU.Build.0 = Debug|Any CPU
		{8BC1BDF1-5400-4661-8571-60915E09FF90}.Release|Any CPU.ActiveCfg = Release|Any CPU
		{8BC1BDF1-5400-4661-8571-60915E09FF90}.Release|Any CPU.Build.0 = Release|Any CPU
	EndGlobalSection
	GlobalSection(SolutionProperties) = preSolution
		HideSolutionNode = FALSE
	EndGlobalSection
EndGlobal
